
Microsoft Visual Studio Solution File, Format Version 12.00
# Visual Studio Version 17
VisualStudioVersion = 17.11.35219.272
MinimumVisualStudioVersion = 10.0.40219.1
Project("{FAE04EC0-301F-11D3-BF4B-00C04F79EFBC}") = "aspNetCore", "aspNetCore.csproj", "{7812F820-60E6-4246-AA0A-73A7ED24915A}"
EndProject
Global
	GlobalSection(SolutionConfigurationPlatforms) = preSolution
		Debug|Any CPU = Debug|Any CPU
		Release|Any CPU = Release|Any CPU
	EndGlobalSection
	GlobalSection(ProjectConfigurationPlatforms) = postSolution
		{7812F820-60E6-4246-AA0A-73A7ED24915A}.Debug|Any CPU.ActiveCfg = Debug|Any CPU
		{7812F820-60E6-4246-AA0A-73A7ED24915A}.Debug|Any CPU.Build.0 = Debug|Any CPU
		{7812F820-60E6-4246-AA0A-73A7ED24915A}.Release|Any CPU.ActiveCfg = Release|Any CPU
		{7812F820-60E6-4246-AA0A-73A7ED24915A}.Release|Any CPU.Build.0 = Release|Any CPU
	EndGlobalSection
	GlobalSection(SolutionProperties) = preSolution
		HideSolutionNode = FALSE
	EndGlobalSection
	GlobalSection(ExtensibilityGlobals) = postSolution
		SolutionGuid = {8AAE1CE1-1B8B-4F94-BC9E-1EA67F332793}
	EndGlobalSection
EndGlobal
